
Microsoft Visual Studio Solution File, Format Version 12.00
# Visual Studio Version 17
VisualStudioVersion = 17.8.34511.84
MinimumVisualStudioVersion = 10.0.40219.1
Project("{FAE04EC0-301F-11D3-BF4B-00C04F79EFBC}") = "SystemIconViewer", "SystemIconViewer\SystemIconViewer.csproj", "{DA714A58-D542-4EE5-B3F0-1A32FEEE6491}"
EndProject
Global
	GlobalSection(SolutionConfigurationPlatforms) = preSolution
		Debug|Any CPU = Debug|Any CPU
		Release|Any CPU = Release|Any CPU
	EndGlobalSection
	GlobalSection(ProjectConfigurationPlatforms) = postSolution
		{DA714A58-D542-4EE5-B3F0-1A32FEEE6491}.Debug|Any CPU.ActiveCfg = Debug|Any CPU
		{DA714A58-D542-4EE5-B3F0-1A32FEEE6491}.Debug|Any CPU.Build.0 = Debug|Any CPU
		{DA714A58-D542-4EE5-B3F0-1A32FEEE6491}.Release|Any CPU.ActiveCfg = Release|Any CPU
		{DA714A58-D542-4EE5-B3F0-1A32FEEE6491}.Release|Any CPU.Build.0 = Release|Any CPU
	EndGlobalSection
	GlobalSection(SolutionProperties) = preSolution
		HideSolutionNode = FALSE
	EndGlobalSection
	GlobalSection(ExtensibilityGlobals) = postSolution
		SolutionGuid = {6A6D4A4A-7836-4D36-A7FC-CAAA80A90568}
	EndGlobalSection
EndGlobal
